version = 1
revision = 3
requires-python = ">=3.11"

[[package]]
name = "codex-tool-mocks"
version = "0.1.0"
source = { editable = "." }

[package.dev-dependencies]
dev = [
    { name = "coverage" },
    { name = "pytest" },
    { name = "ruff" },
]

[package.metadata]

[package.metadata.requires-dev]
dev = [
    { name = "coverage", specifier = ">=7.0.0" },
    { name = "pytest", specifier = ">=8.0.0" },
    { name = "ruff", specifier = ">=0.4.0" },
]

[[package]]
name = "colorama"
version = "0.4.6"
source = { registry = "https://build.hubteam.com/pypi/simple/" }
sdist = { url = "https://build.hubteam.com/pypi-mirror/packages/d8/53/6f443c9a4a8358a93a6792e2acffb9d9d5cb0a5cfd8802644b7b1c9a02e4/colorama-0.4.6.tar.gz", hash = "md5:11fe1cbf8299798551ac88f824ea11c4" }
wheels = [
    { url = "https://build.hubteam.com/pypi-mirror/packages/d1/d6/3965ed04c63042e047cb6a3e6ed1a63a35087b6a609aa3a15ed8ac56c221/colorama-0.4.6-py2.py3-none-any.whl", hash = "md5:3fc7a89530d68d7ea231ebe779c0db9c" },
]

[[package]]
name = "coverage"
version = "7.14.0"
source = { registry = "https://build.hubteam.com/pypi/simple/" }
sdist = { url = "https://build.hubteam.com/pypi-mirror/packages/23/7f/d0720730a397a999ffc0fd3f5bebef347338e3a47b727da66fbb228e2ff2/coverage-7.14.0.tar.gz", hash = "md5:7d0620706cab38120e6e28c56b56cf17" }
wheels = [
    { url = "https://build.hubteam.com/pypi-mirror/packages/fc/e4/649c8d4f7f1709b6dbfc474358aa1bba02f67bcd52e2fec291a5014006cd/coverage-7.14.0-cp311-cp311-macosx_10_9_x86_64.whl", hash = "md5:5330460439df935245456e0e82e01b92" },
    { url = "https://build.hubteam.com/pypi-mirror/packages/7f/8d/46692d24b3f395d4cbf17bfcc57136b4f2f9c0c0df864b0bddfc1d71a014/coverage-7.14.0-cp311-cp311-macosx_11_0_arm64.whl", hash = "md5:4c3a0dbcdb8c2436fc0edb2a063e4a39" },
    { url = "https://build.hubteam.com/pypi-mirror/packages/12/c2/a40f5cb295bbcbb697a76947a56081c494c61950366294ee426ffe261099/coverage-7.14.0-cp311-cp311-manylinux1_i686.manylinux_2_28_i686.manylinux_2_5_i686.whl", hash = "md5:0bdfcde09a68e4c67d81a16d2a9e8467" },
    { url = "https://build.hubteam.com/pypi-mirror/packages/fd/35/202235eb5c3c14c212462cd91d61b7386bf8fc44bc7a77f4742d2a69174b/coverage-7.14.0-cp311-cp311-manylinux1_x86_64.manylinux_2_28_x86_64.manylinux_2_5_x86_64.whl", hash = "md5:474dee663de70fa13339040f516cce19" },
    { url = "https://build.hubteam.com/pypi-mirror/packages/bb/80/5f596e8995785124ee191c42535664c5e62c65995b66f4ca21e28ae04c81/coverage-7.14.0-cp311-cp311-manylinux2014_aarch64.manylinux_2_17_aarch64.manylinux_2_28_aarch64.whl", hash = "md5:b7f395a727ad0a28c05e54106a390d8b" },
    { url = "https://build.hubteam.com/pypi-mirror/packages/1e/6d/0d178825be2350f0adb27984d0aa7cf84bbdab201f6fb926b535d23a8f5f/coverage-7.14.0-cp311-cp311-manylinux2014_ppc64le.manylinux_2_17_ppc64le.manylinux_2_28_ppc64le.whl", hash = "md5:5604648abb6416435160db3627b343cb" },
    { url = "https://build.hubteam.com/pypi-mirror/packages/19/5b/9e549c2f6e9dfea472adadba06c294e64735dabc2dd19015fac082095013/coverage-7.14.0-cp311-cp311-manylinux_2_31_riscv64.manylinux_2_39_riscv64.whl", hash = "md5:84f3b7d94dacfad6f409f0b3fc78456b" },
    { url = "https://build.hubteam.com/pypi-mirror/packages/3d/1c/b94f9f5f36396021ee2f62c5834b12e6a3d31f0bed5d6fc6d1c3caec087c/coverage-7.14.0-cp311-cp311-musllinux_1_2_aarch64.whl", hash = "md5:967dc77a5c34e58fd070eb4d66b41cbd" },
    { url = "https://build.hubteam.com/pypi-mirror/packages/b5/cb/d192cd8e1345eccabc32016f2d39072ecd10cb4f4b983ed8d0ebdeaf00dc/coverage-7.14.0-cp311-cp311-musllinux_1_2_i686.whl", hash = "md5:dee67a408e8ce6396ca7c94cc238bf13" },
    { url = "https://build.hubteam.com/pypi-mirror/packages/53/c5/aac9f460a41d835dbddef1d377f105f6ac2311d0f3c1588e9f51046d8813/coverage-7.14.0-cp311-cp311-musllinux_1_2_ppc64le.whl", hash = "md5:76ac4521a3071aea8b18f4476b5601d2" },
    { url = "https://build.hubteam.com/pypi-mirror/packages/23/aa/7af7c0081980a9cb3d289c5a435a4b7657dcecbd128e25c580e6a50389b5/coverage-7.14.0-cp311-cp311-musllinux_1_2_riscv64.whl", hash = "md5:02eeac464a73a73d53937d30893a4a98" },
    { url = "https://build.hubteam.com/pypi-mirror/packages/35/60/a4257538ce2f6b978aeb51870d6c4208c510928a03db7e0339bb625dccb7/coverage-7.14.0-cp311-cp311-musllinux_1_2_x86_64.whl", hash = "md5:8cd752d8349c78f4b6f85f6aec7197f5" },
    { url = "https://build.hubteam.com/pypi-mirror/packages/a1/ab/f91af47642ec1aa53490e835a95847168d9c77fc39aa58527604c051e145/coverage-7.14.0-cp311-cp311-win32.whl", hash = "md5:98ff2b1fb4d21082c63f49854819032c" },
    { url = "https://build.hubteam.com/pypi-mirror/packages/f0/f0/a71ddbd874431e7a7cd96071f0c331cfbbad07704833c765d24ffbab8a67/coverage-7.14.0-cp311-cp311-win_amd64.whl", hash = "md5:0a38a4c1dd743594922e6e39548469cf" },
    { url = "https://build.hubteam.com/pypi-mirror/packages/d8/6e/d9d312a5151a96cd110efee32efc3fc97b01ebd86203fe618ccb29cf4c92/coverage-7.14.0-cp311-cp311-win_arm64.whl", hash = "md5:cb3cf273c83b3d7c082fd7d0bd8ea9d1" },
    { url = "https://build.hubteam.com/pypi-mirror/packages/09/1e/2f996b2c8415cbb6f54b0f5ec1ee850c96d7911961afb4fc05f4a89d8c58/coverage-7.14.0-cp312-cp312-macosx_10_13_x86_64.whl", hash = "md5:40a03ba9adbb9610e216460f6cd956f0" },
    { url = "https://build.hubteam.com/pypi-mirror/packages/34/23/35c7aea1274aef7525bdd2dc92f710bdde6d11652239d71d1ec450067939/coverage-7.14.0-cp312-cp312-macosx_11_0_arm64.whl", hash = "md5:665caeadcb06407ef93a3e1a8dc5446f" },
    { url = "https://build.hubteam.com/pypi-mirror/packages/75/cf/a8f4b43a16e194b0261257ad28ded5853ec052570afef4a84e1d81189f3b/coverage-7.14.0-cp312-cp312-manylinux1_i686.manylinux_2_28_i686.manylinux_2_5_i686.whl", hash = "md5:8b697127926d0e76005372051f65eb3b" },
    { url = "https://build.hubteam.com/pypi-mirror/packages/69/ff/6699e7b71e60d3049eb2bdcbc95ee3f35707b2b0e48f32e9e63d3ce30c08/coverage-7.14.0-cp312-cp312-manylinux1_x86_64.manylinux_2_28_x86_64.manylinux_2_5_x86_64.whl", hash = "md5:c14a2cf846b6a05b23d0343ed68baffc" },
    { url = "https://build.hubteam.com/pypi-mirror/packages/22/ec/c936d495fcd67f48f03a9c4ad3297ff80d1f222a5df3980f15b34c186c21/coverage-7.14.0-cp312-cp312-manylinux2014_aarch64.manylinux_2_17_aarch64.manylinux_2_28_aarch64.whl", hash = "md5:a12d4ab2c57f311d44c98bed171d1780" },
    { url = "https://build.hubteam.com/pypi-mirror/packages/5c/42/5af63f636cc62a4a2b1b3ba9146f6ee6f53a35a50d5cefc54d5670f60999/coverage-7.14.0-cp312-cp312-manylinux2014_ppc64le.manylinux_2_17_ppc64le.manylinux_2_28_ppc64le.whl", hash = "md5:313f964e7e2b110da51032a3dfbb22a2" },
    { url = "https://build.hubteam.com/pypi-mirror/packages/26/d3/a225317bd2012132a27e1176d51660b826f99bb975876463c44ea0d7ee5a/coverage-7.14.0-cp312-cp312-manylinux_2_31_riscv64.manylinux_2_39_riscv64.whl", hash = "md5:5c790499a0d04c7ebd69f4bdc93348aa" },
    { url = "https://build.hubteam.com/pypi-mirror/packages/f1/7f/9e65495298c3ea414742998539c37d048b5e81cc818fb1828cc6b51d10bf/coverage-7.14.0-cp312-cp312-musllinux_1_2_aarch64.whl", hash = "md5:2a3d916c6af6cf834ed17a519704ebaf" },
    { url = "https://build.hubteam.com/pypi-mirror/packages/94/46/1522b524a35bdad22b2b8c4f9d32d0a104b524726ec380b2db68db1746f5/coverage-7.14.0-cp312-cp312-musllinux_1_2_i686.whl", hash = "md5:0ed07507d3b0e949bfa817d34bced389" },
    { url = "https://build.hubteam.com/pypi-mirror/packages/f3/e9/cdf00d38817742c541ade405e115a3f7bf36e6f2a8b99d4f209861b85a2d/coverage-7.14.0-cp312-cp312-musllinux_1_2_ppc64le.whl", hash = "md5:d12ece9d4d9ae7ee095c973b9f5451ab" },
    { url = "https://build.hubteam.com/pypi-mirror/packages/38/fc/5e7877cf5f902d08a17ff1c532511476d87e1bea355bd5028cb97f902e79/coverage-7.14.0-cp312-cp312-musllinux_1_2_riscv64.whl", hash = "md5:9df9bdc98eace4bb586d7d1f1a476d98" },
    { url = "https://build.hubteam.com/pypi-mirror/packages/18/9d/50f05a72dff8487464fdd4178dda5daed642a060e60afb644e3d45123559/coverage-7.14.0-cp312-cp312-musllinux_1_2_x86_64.whl", hash = "md5:4150c205287f5d12a296e64f7d2b531b" },
    { url = "https://build.hubteam.com/pypi-mirror/packages/00/3f/6f61ffe6439df266c3cf60f5c99cfaa21103d0210d706a42fc6c30683ff8/coverage-7.14.0-cp312-cp312-win32.whl", hash = "md5:fbaa902ae45c7785444cabb78062e673" },
    { url = "https://build.hubteam.com/pypi-mirror/packages/85/19/93853133df2cb371083285ef6a93982a0173e7a233b0f61373ba9fd30eb2/coverage-7.14.0-cp312-cp312-win_amd64.whl", hash = "md5:3a71f0503c042c6040a8fee16181f205" },
    { url = "https://build.hubteam.com/pypi-mirror/packages/74/18/9f7fe62f659f24b7a82a0be56bf94c1bd0a89e0ae7ab4c668f6e82404294/coverage-7.14.0-cp312-cp312-win_arm64.whl", hash = "md5:3c2e9e16c9cac3c989fadc35621402a0" },
    { url = "https://build.hubteam.com/pypi-mirror/packages/6b/76/b7c66ee3c66e1b0f9d894c8125983aa0c03fb2336f2fd16559f9c966157f/coverage-7.14.0-cp313-cp313-macosx_10_13_x86_64.whl", hash = "md5:2e8d069e488241f1423c262a41721f46" },
    { url = "https://build.hubteam.com/pypi-mirror/packages/b3/af/e567cbad5ba69c013a50146dfa886dc7193361fda77521f51274ff620e1b/coverage-7.14.0-cp313-cp313-macosx_11_0_arm64.whl", hash = "md5:82d5314d900447f4a94dfbad972f9ff7" },
    { url = "https://build.hubteam.com/pypi-mirror/packages/44/6f/9ad575d505b4d805b254febc8a5b338a2efe278f8786e56ff1cb8413f9c3/coverage-7.14.0-cp313-cp313-manylinux1_i686.manylinux_2_28_i686.manylinux_2_5_i686.whl", hash = "md5:93557bebd5cf32c17cecc44ee4c5ae25" },
    { url = "https://build.hubteam.com/pypi-mirror/packages/6f/5f/b5370068b2f57787454592ed7dcd1002f0f1703b7db1fa30f6a325a4ca6e/coverage-7.14.0-cp313-cp313-manylinux1_x86_64.manylinux_2_28_x86_64.manylinux_2_5_x86_64.whl", hash = "md5:747cbb2d74399134929f45a4c8e5b19a" },
    { url = "https://build.hubteam.com/pypi-mirror/packages/29/1e/51adf17738976e8f2b85ddef7b7aa12a0838b056c92f175941d8862767c1/coverage-7.14.0-cp313-cp313-manylinux2014_aarch64.manylinux_2_17_aarch64.manylinux_2_28_aarch64.whl", hash = "md5:1ab82a349410de305aae28fd1e19e4e5" },
    { url = "https://build.hubteam.com/pypi-mirror/packages/9e/7b/5bfd7ac1df3b881c2ac7a5cbc99c7609e6296c402f5ef587cd81c6f355b3/coverage-7.14.0-cp313-cp313-manylinux2014_ppc64le.manylinux_2_17_ppc64le.manylinux_2_28_ppc64le.whl", hash = "md5:4054839d94f5da683b3f8c271ca30ced" },
    { url = "https://build.hubteam.com/pypi-mirror/packages/7d/38/1d37d316b174fad3843a1d76dbdfe4398771c9ecd0515935dd9ece9cd627/coverage-7.14.0-cp313-cp313-manylinux_2_31_riscv64.manylinux_2_39_riscv64.whl", hash = "md5:a244512f2b086a738dc2c8194a1d0669" },
    { url = "https://build.hubteam.com/pypi-mirror/packages/34/46/746704f95980ba220214e1a41e18cec5aea80a898eaa53c51bf2d645ff36/coverage-7.14.0-cp313-cp313-musllinux_1_2_aarch64.whl", hash = "md5:7df5ecb2effacdfc1918991510d66d1d" },
    { url = "https://build.hubteam.com/pypi-mirror/packages/e1/b9/bbe87206d9687b192352f893797825b5f5b15ecd3aa9c68fbff0c074d77b/coverage-7.14.0-cp313-cp313-musllinux_1_2_i686.whl", hash = "md5:4fe0e1cea384ab6eae3dad593df2c798" },
    { url = "https://build.hubteam.com/pypi-mirror/packages/46/57/b8cdb12ac0d73ef0243218bd5e22c9df8f92edab8018213a86aec67c5324/coverage-7.14.0-cp313-cp313-musllinux_1_2_ppc64le.whl", hash = "md5:a14e57c425ec7753a02662fc58db7261" },
    { url = "https://build.hubteam.com/pypi-mirror/packages/1f/d4/5002019538b2036ce3c84340f54d2fd5100d55b0a6b0894eee56128d03c7/coverage-7.14.0-cp313-cp313-musllinux_1_2_riscv64.whl", hash = "md5:db2876523bbbda118ce63d3af5a07817" },
    { url = "https://build.hubteam.com/pypi-mirror/packages/37/53/20c5009477660f084e6ed60bc02a91894b8e234e617e86ecfd9aaf78e27b/coverage-7.14.0-cp313-cp313-musllinux_1_2_x86_64.whl", hash = "md5:7a5c6028fd8d9f2babcc044a118a5351" },
    { url = "https://build.hubteam.com/pypi-mirror/packages/ae/ab/3cf6427ac9c1f1db747dbb1ce71dde47984876d4c2cfd018a3fef0a78d4d/coverage-7.14.0-cp313-cp313-win32.whl", hash = "md5:0bd0aa57666590f555ff0bed097b300b" },
    { url = "https://build.hubteam.com/pypi-mirror/packages/8f/b8/9228523e80321c2cb4880d1f589bc0171f2f71432c35118ad04dc01decce/coverage-7.14.0-cp313-cp313-win_amd64.whl", hash = "md5:ca70147483f33c2a668ebf8da2fd8ea0" },
    { url = "https://build.hubteam.com/pypi-mirror/packages/a3/99/118daa192f95e3a6cb2740100fbf8797cda1734b4134ef0b5d501a7fa8f3/coverage-7.14.0-cp313-cp313-win_arm64.whl", hash = "md5:4f8e6074e81c929f45f121ba2dd4638f" },
    { url = "https://build.hubteam.com/pypi-mirror/packages/e6/f1/a46cc0c013be170216253184a32366d7cbdb9252feaec866b05c2d12a894/coverage-7.14.0-cp313-cp313t-macosx_10_13_x86_64.whl", hash = "md5:c25af70358c55dfd1a6c7384da6cfaf0" },
    { url = "https://build.hubteam.com/pypi-mirror/packages/64/8c/9c30a3d311a34177fa432995be7fbfc64477d8bac5630bd38055b1c9b424/coverage-7.14.0-cp313-cp313t-macosx_11_0_arm64.whl", hash = "md5:29bed764935a5c377468a76accfee976" },
    { url = "https://build.hubteam.com/pypi-mirror/packages/9a/cd/3fb5e06c3badefd0c1b47e2044fdca67f8220a4ec2e7fcfb476aa0a67c6c/coverage-7.14.0-cp313-cp313t-manylinux1_i686.manylinux_2_28_i686.manylinux_2_5_i686.whl", hash = "md5:20b35ce9c7c07ba82eb2b6b3d951d1f5" },
    { url = "https://build.hubteam.com/pypi-mirror/packages/a8/e6/fbc322325c7294d3e22c1ad6b79e45d0806b25228c8e5842aed6d8169aa7/coverage-7.14.0-cp313-cp313t-manylinux1_x86_64.manylinux_2_28_x86_64.manylinux_2_5_x86_64.whl", hash = "md5:11ec432de46a510664aa7e9a8e843a2f" },
    { url = "https://build.hubteam.com/pypi-mirror/packages/08/92/c497b264bec1673c47cc77e26f760fcda4654cabf1f39546d1a23a3b8c35/coverage-7.14.0-cp313-cp313t-manylinux2014_aarch64.manylinux_2_17_aarch64.manylinux_2_28_aarch64.whl", hash = "md5:1f6dc227ce304dc99143cde0f64c5509" },
    { url = "https://build.hubteam.com/pypi-mirror/packages/78/fc/045da320987f401af5d2815d351e8aa799aec859f60e29f445e3089eeedb/coverage-7.14.0-cp313-cp313t-manylinux2014_ppc64le.manylinux_2_17_ppc64le.manylinux_2_28_ppc64le.whl", hash = "md5:9af13417cc305d155c4465b410f93bdc" },
    { url = "https://build.hubteam.com/pypi-mirror/packages/1b/ae/227b1e379497fb7a4fc3286e620f80c8a1e7cec66d45695a01639eb1af65/coverage-7.14.0-cp313-cp313t-manylinux_2_31_riscv64.manylinux_2_39_riscv64.whl", hash = "md5:238897aa112987e25fde3b12c9adfc38" },
    { url = "https://build.hubteam.com/pypi-mirror/packages/a0/f5/3570342900f2acea31d33ff1590c5d8bac1a8e1a2e1c6d34a5d5e61de681/coverage-7.14.0-cp313-cp313t-musllinux_1_2_aarch64.whl", hash = "md5:760cae9ecf4b9cc6eba5680093fff4fa" },
    { url = "https://build.hubteam.com/pypi-mirror/packages/16/29/de1bbc01c935b28f89b1dc3db85b011c055e843a8e5e3b83141c3f80af7f/coverage-7.14.0-cp313-cp313t-musllinux_1_2_i686.whl", hash = "md5:08aa08b008cc502a2172590711eeca02" },
    { url = "https://build.hubteam.com/pypi-mirror/packages/35/95/f53890b0bf2fc10ab168e05d38869215e73ca24c4cb521c3bb0eb62fe16b/coverage-7.14.0-cp313-cp313t-musllinux_1_2_ppc64le.whl", hash = "md5:d21ac9d5645cd6d0f14419ee2463c542" },
    { url = "https://build.hubteam.com/pypi-mirror/packages/ed/ea/c919e259081dd2bdf0e43b87209709ba7ec2e4117c2a7f5185379c43463c/coverage-7.14.0-cp313-cp313t-musllinux_1_2_riscv64.whl", hash = "md5:ba59a95bc8340382d8ca6ec375b36334" },
    { url = "https://build.hubteam.com/pypi-mirror/packages/1a/2c/c2831889705a81dc5d1c6ca12e4d8e9b95dfc146d153488a6c0ea685d28e/coverage-7.14.0-cp313-cp313t-musllinux_1_2_x86_64.whl", hash = "md5:f13972c5c2fe10a46747952988af1887" },
    { url = "https://build.hubteam.com/pypi-mirror/packages/5a/a9/2fcae5003cac3d63fe344d2166243c2756935f48420863c5272b240d550b/coverage-7.14.0-cp313-cp313t-win32.whl", hash = "md5:9002c2abfbca414cc44def1a0b9e712d" },
    { url = "https://build.hubteam.com/pypi-mirror/packages/3f/bb/18e94d7b14b9b398164197114a587a04ab7c9fdbe1d237eef57311c5e883/coverage-7.14.0-cp313-cp313t-win_amd64.whl", hash = "md5:706f3e586ff3798a265778819eb5e310" },
    { url = "https://build.hubteam.com/pypi-mirror/packages/db/56/4f14fad782b035c81c4ffd09159e7103d42bb1d93ac8496d04b90a11b7da/coverage-7.14.0-cp313-cp313t-win_arm64.whl", hash = "md5:695c4530b0d72a563c9e38ea8fb8f0c0" },
    { url = "https://build.hubteam.com/pypi-mirror/packages/1c/18/b9a6586d73992807c26f9a5f274131be3d76b56b18a82b9392e2a25d2e45/coverage-7.14.0-cp314-cp314-macosx_10_15_x86_64.whl", hash = "md5:27ca022f9b2d3a17de448e47f65a1eca" },
    { url = "https://build.hubteam.com/pypi-mirror/packages/f3/9b/4165a1d56ddc302a0e2d518fd9d412a4fd0b57562618c78c5f21c57194f5/coverage-7.14.0-cp314-cp314-macosx_11_0_arm64.whl", hash = "md5:418e20527dd5ae6d50740c9d3430e148" },
    { url = "https://build.hubteam.com/pypi-mirror/packages/69/aa/c12e52a5ba148d9995229d557e3be6e554fe469addc0e9241b2f0956d8ea/coverage-7.14.0-cp314-cp314-manylinux1_i686.manylinux_2_28_i686.manylinux_2_5_i686.whl", hash = "md5:0431c4d82bb2021207decccbd00f7720" },
    { url = "https://build.hubteam.com/pypi-mirror/packages/d7/51/ec641c26e6dca1b25a7d2035ba6ecb7c884ef1a100a9e42fbe4ce4405139/coverage-7.14.0-cp314-cp314-manylinux1_x86_64.manylinux_2_28_x86_64.manylinux_2_5_x86_64.whl", hash = "md5:50a97f346a9c36b2111ac0c7fd7026a9" },
    { url = "https://build.hubteam.com/pypi-mirror/packages/33/c4/59c3de0bd1b538824173fd518fed51c1ce740ca5ed68e74545983f4053a9/coverage-7.14.0-cp314-cp314-manylinux2014_aarch64.manylinux_2_17_aarch64.manylinux_2_28_aarch64.whl", hash = "md5:9c306ba3b73ee1a25446f5801eafc407" },
    { url = "https://build.hubteam.com/pypi-mirror/packages/7b/a9/36dfa153a62040296f6e7febfdb20a5720622f6ef5a81a41e8237b9a5344/coverage-7.14.0-cp314-cp314-manylinux2014_ppc64le.manylinux_2_17_ppc64le.manylinux_2_28_ppc64le.whl", hash = "md5:d11e98fe8528a95970cd76678844a13c" },
    { url = "https://build.hubteam.com/pypi-mirror/packages/26/7b/cc2c048d4114d9ab1c2409e9ee365e5ae10736df6dffcfc9444effa6c708/coverage-7.14.0-cp314-cp314-manylinux_2_31_riscv64.manylinux_2_39_riscv64.whl", hash = "md5:4f3ddf60b9eb3e72e1144e7e8487659c" },
    { url = "https://build.hubteam.com/pypi-mirror/packages/ee/df/6770eaa576e604575e9a78055313250faef5faa84bd6f71a39fece519c43/coverage-7.14.0-cp314-cp314-musllinux_1_2_aarch64.whl", hash = "md5:46c4cc7ecafea91947adb1797898641e" },
    { url = "https://build.hubteam.com/pypi-mirror/packages/ad/9e/1c0264514a3f98259a6d64765a397b2c8373e3ba59ee722a4802d3ec0c61/coverage-7.14.0-cp314-cp314-musllinux_1_2_i686.whl", hash = "md5:33b0a0a57589532b02f243e2af22898a" },
    { url = "https://build.hubteam.com/pypi-mirror/packages/64/16/4efdf3e3c4079cdbf0ece56a2fea872df9e8a3e15a13a0af4400e1075944/coverage-7.14.0-cp314-cp314-musllinux_1_2_ppc64le.whl", hash = "md5:1fc3f326e3c848b3813d5a488a075328" },
    { url = "https://build.hubteam.com/pypi-mirror/packages/93/69/b1de96346603881b3d1bc8d6447c83200e1c9700ffbaff926ba01ff5724c/coverage-7.14.0-cp314-cp314-musllinux_1_2_riscv64.whl", hash = "md5:e2a00d4bf1e5222bc9ede41f7e49e685" },
    { url = "https://build.hubteam.com/pypi-mirror/packages/a4/66/2881853e0363a5e0a724d1103e53650795367471b6afb234f8b49e713bc6/coverage-7.14.0-cp314-cp314-musllinux_1_2_x86_64.whl", hash = "md5:685a212e1071a05fc3db541076cfc3e3" },
    { url = "https://build.hubteam.com/pypi-mirror/packages/55/5c/0d3305d002c41dcde873dbe456491e663dc55152ca526b630b5c47efd62f/coverage-7.14.0-cp314-cp314-win32.whl", hash = "md5:cf2aaf176d66034e4c714da3dea16340" },
    { url = "https://build.hubteam.com/pypi-mirror/packages/f9/58/6e1b8f52fdc3184b47dc5037f5070d83a3d11042db1594b02d2a44d786c8/coverage-7.14.0-cp314-cp314-win_amd64.whl", hash = "md5:45e572131a7a76f17f94d58432ae7dbf" },
    { url = "https://build.hubteam.com/pypi-mirror/packages/00/70/a18c408e674bc26281cadaedc7351f929bd2094e191e4b15271c30b084cc/coverage-7.14.0-cp314-cp314-win_arm64.whl", hash = "md5:bb02ca98155714922201b49c7fc50fc8" },
    { url = "https://build.hubteam.com/pypi-mirror/packages/3d/89/2681f071d238b62aff8dfc2ab44fc24cfdb38d1c01f391a80522ff5d3a16/coverage-7.14.0-cp314-cp314t-macosx_10_15_x86_64.whl", hash = "md5:62250765c80c2e823fbd26305be4659d" },
    { url = "https://build.hubteam.com/pypi-mirror/packages/bd/c7/c987babafd9207ffa1995e1ef1f9b26762cf4963aa768a66b6f0501e4616/coverage-7.14.0-cp314-cp314t-macosx_11_0_arm64.whl", hash = "md5:68486dc38d3914bb72684a0c9cfb0134" },
    { url = "https://build.hubteam.com/pypi-mirror/packages/5a/e9/d6a5ac3b333088143d6fc877d398a9a674dc03124a2f776e131f03864823/coverage-7.14.0-cp314-cp314t-manylinux1_i686.manylinux_2_28_i686.manylinux_2_5_i686.whl", hash = "md5:84b496ed2a3e55f816c5db483d26c62b" },
    { url = "https://build.hubteam.com/pypi-mirror/packages/38/b1/e70838d29a7c08e22d44398a46db90815bbcbf28de06992bd9210d1a8d8e/coverage-7.14.0-cp314-cp314t-manylinux1_x86_64.manylinux_2_28_x86_64.manylinux_2_5_x86_64.whl", hash = "md5:27e0beb1a200e532ba0273d43c5ae1e1" },
    { url = "https://build.hubteam.com/pypi-mirror/packages/6b/73/5c31ef97763288d03d9995152b96d5475b527c63d91c84b01caea894b83a/coverage-7.14.0-cp314-cp314t-manylinux2014_aarch64.manylinux_2_17_aarch64.manylinux_2_28_aarch64.whl", hash = "md5:1e50582d0352aed7515f26f380254b22" },
    { url = "https://build.hubteam.com/pypi-mirror/packages/e1/76/dd56d80f29c5f05b4d76f7e7c6d47cafacae017189c75c5759d24f9ff0cc/coverage-7.14.0-cp314-cp314t-manylinux2014_ppc64le.manylinux_2_17_ppc64le.manylinux_2_28_ppc64le.whl", hash = "md5:b962891495c898291751db655a84b0a8" },
    { url = "https://build.hubteam.com/pypi-mirror/packages/6e/c7/27ba85cd5b95614f159ff93ebff1901584a8d192e2e5e24c4943a7453f59/coverage-7.14.0-cp314-cp314t-manylinux_2_31_riscv64.manylinux_2_39_riscv64.whl", hash = "md5:c95f5c5975c8df9fc407b29f1ea63b43" },
    { url = "https://build.hubteam.com/pypi-mirror/packages/13/2e/e8149f60ab5d5684c6eee881bdf34b127115cddbb958b196768dd9d63473/coverage-7.14.0-cp314-cp314t-musllinux_1_2_aarch64.whl", hash = "md5:5eeee91631187935704df3dfa93de2f2" },
    { url = "https://build.hubteam.com/pypi-mirror/packages/d9/7f/1261b025285323225f4b4abffa5a643649dfd67e25ddca7ebcbdea3b7cb3/coverage-7.14.0-cp314-cp314t-musllinux_1_2_i686.whl", hash = "md5:1695c84b7177c93e2a67202f4e7bba84" },
    { url = "https://build.hubteam.com/pypi-mirror/packages/d3/dc/829c54f60b9d08389439c00f813c752781c496fc5788c78d8006db4b4f2b/coverage-7.14.0-cp314-cp314t-musllinux_1_2_ppc64le.whl", hash = "md5:308d2758b55f492605300ff2e8621137" },
    { url = "https://build.hubteam.com/pypi-mirror/packages/ed/b0/70bd1419941652fa062689cba9c3eeafb8f5e6fbb890bce41c3bdda5dbd6/coverage-7.14.0-cp314-cp314t-musllinux_1_2_riscv64.whl", hash = "md5:016605b8232bf114e4e357d4dfcc892d" },
    { url = "https://build.hubteam.com/pypi-mirror/packages/f2/73/be40b2390656c654d35ea0015ea7ba3d945769cf80790ad5e0bb2d56d2ba/coverage-7.14.0-cp314-cp314t-musllinux_1_2_x86_64.whl", hash = "md5:64dbdb2182620e02aed15c03b442d3d6" },
    { url = "https://build.hubteam.com/pypi-mirror/packages/29/55/4a643f712fcf7cf2881f8ec1e0ccb7b164aff3108f69b51801246c8799f2/coverage-7.14.0-cp314-cp314t-win32.whl", hash = "md5:6524a811bc060a3ad841ee0192b6e733" },
    { url = "https://build.hubteam.com/pypi-mirror/packages/27/96/3acae5da0953be042c0b4dea6d6789d2f080701c77b88e44d5bd41b9219b/coverage-7.14.0-cp314-cp314t-win_amd64.whl", hash = "md5:dc6bb1a0437bba88dfd23290bdcfa548" },
    { url = "https://build.hubteam.com/pypi-mirror/packages/93/3d/6ab5d2dd8325d838737c6f8d83d62eb6230e0d70b87b51b57bbfd08fa767/coverage-7.14.0-cp314-cp314t-win_arm64.whl", hash = "md5:a3e4cb41a5c4bd5bf16b6b5c2a58c3da" },
    { url = "https://build.hubteam.com/pypi-mirror/packages/61/e8/cb8e80d6f9f55b99588625062822bf946cf03ed06315df4bd8397f5632a1/coverage-7.14.0-py3-none-any.whl", hash = "md5:ad5e2b11ea9461469e1539aa029348b3" },
]

[[package]]
name = "iniconfig"
version = "2.3.0"
source = { registry = "https://build.hubteam.com/pypi/simple/" }
sdist = { url = "https://build.hubteam.com/pypi-mirror/packages/72/34/14ca021ce8e5dfedc35312d08ba8bf51fdd999c576889fc2c24cb97f4f10/iniconfig-2.3.0.tar.gz", hash = "md5:5c1d9c21275feb3da71400bf716edd72" }
wheels = [
    { url = "https://build.hubteam.com/pypi-mirror/packages/cb/b1/3846dd7f199d53cb17f49cba7e651e9ce294d8497c8c150530ed11865bb8/iniconfig-2.3.0-py3-none-any.whl", hash = "md5:d3e156a9abd59ac8b5eb0c2e8b1c5dad" },
]

[[package]]
name = "packaging"
version = "26.2"
source = { registry = "https://build.hubteam.com/pypi/simple/" }
sdist = { url = "https://build.hubteam.com/pypi-mirror/packages/d7/f1/e7a6dd94a8d4a5626c03e4e99c87f241ba9e350cd9e6d75123f992427270/packaging-26.2.tar.gz", hash = "md5:edae3d061c39a2ff713a97e133dbc50c" }
wheels = [
    { url = "https://build.hubteam.com/pypi-mirror/packages/df/b2/87e62e8c3e2f4b32e5fe99e0b86d576da1312593b39f47d8ceef365e95ed/packaging-26.2-py3-none-any.whl", hash = "md5:a61187c02a908a0bc866b4903b84d691" },
]

[[package]]
name = "pluggy"
version = "1.6.0"
source = { registry = "https://build.hubteam.com/pypi/simple/" }
sdist = { url = "https://build.hubteam.com/pypi-mirror/packages/f9/e2/3e91f31a7d2b083fe6ef3fa267035b518369d9511ffab804f839851d2779/pluggy-1.6.0.tar.gz", hash = "md5:54391218af778acb006c2d915085d469" }
wheels = [
    { url = "https://build.hubteam.com/pypi-mirror/packages/54/20/4d324d65cc6d9205fabedc306948156824eb9f0ee1633355a8f7ec5c66bf/pluggy-1.6.0-py3-none-any.whl", hash = "md5:e107bd9fd0c26746617d74bac26fa0c5" },
]

[[package]]
name = "pygments"
version = "2.20.0"
source = { registry = "https://build.hubteam.com/pypi/simple/" }
sdist = { url = "https://build.hubteam.com/pypi-mirror/packages/c3/b2/bc9c9196916376152d655522fdcebac55e66de6603a76a02bca1b6414f6c/pygments-2.20.0.tar.gz", hash = "md5:358297d0a1db8e4beff8eebc0620960e" }
wheels = [
    { url = "https://build.hubteam.com/pypi-mirror/packages/f4/7e/a72dd26f3b0f4f2bf1dd8923c85f7ceb43172af56d63c7383eb62b332364/pygments-2.20.0-py3-none-any.whl", hash = "md5:d35bfa048d9e2d2d8526cb0d4da0cee5" },
]

[[package]]
name = "pytest"
version = "9.0.3"
source = { registry = "https://build.hubteam.com/pypi/simple/" }
dependencies = [
    { name = "colorama", marker = "sys_platform == 'win32'" },
    { name = "iniconfig" },
    { name = "packaging" },
    { name = "pluggy" },
    { name = "pygments" },
]
sdist = { url = "https://build.hubteam.com/pypi-mirror/packages/7d/0d/549bd94f1a0a402dc8cf64563a117c0f3765662e2e668477624baeec44d5/pytest-9.0.3.tar.gz", hash = "md5:0cd1c357553d2e3eb850d71843b375d1" }
wheels = [
    { url = "https://build.hubteam.com/pypi-mirror/packages/d4/24/a372aaf5c9b7208e7112038812994107bc65a84cd00e0354a88c2c77a617/pytest-9.0.3-py3-none-any.whl", hash = "md5:d788336513a6f224d94a5f4e13a42507" },
]

[[package]]
name = "ruff"
version = "0.15.12"
source = { registry = "https://build.hubteam.com/pypi/simple/" }
sdist = { url = "https://build.hubteam.com/pypi-mirror/packages/99/43/3291f1cc9106f4c63bdce7a8d0df5047fe8422a75b091c16b5e9355e0b11/ruff-0.15.12.tar.gz", hash = "md5:8c8cc8db2526153a397e9e64b4f9c0a2" }
wheels = [
    { url = "https://build.hubteam.com/pypi-mirror/packages/c3/6e/e78ffb61d4686f3d96ba3df2c801161843746dcbcbb17a1e927d4829312b/ruff-0.15.12-py3-none-linux_armv6l.whl", hash = "md5:4ad380b276873d5c69cff35357a4951a" },
    { url = "https://build.hubteam.com/pypi-mirror/packages/ae/08/a317bc231fb9e7b93e4ef3089501e51922ff88d6936ce5cf870c4fe55419/ruff-0.15.12-py3-none-macosx_10_12_x86_64.whl", hash = "md5:8f3f626d2a1ed9d9ba5a1337aa468f10" },
    { url = "https://build.hubteam.com/pypi-mirror/packages/aa/a4/f828e9718d3dce1f5f11c39c4f65afd32783c8b2aebb2e3d259e492c47bd/ruff-0.15.12-py3-none-macosx_11_0_arm64.whl", hash = "md5:3638db947527f38f5fafb996c7f05e08" },
    { url = "https://build.hubteam.com/pypi-mirror/packages/71/e0/3310fc6d1b5e1fdea22bf3b1b807c7e187b581021b0d7d4514cccdb5fb71/ruff-0.15.12-py3-none-manylinux_2_17_aarch64.manylinux2014_aarch64.whl", hash = "md5:8e8218eea8d8abaa408a41752fb3090e" },
    { url = "https://build.hubteam.com/pypi-mirror/packages/11/c1/a606911aee04c324ddaa883ae418f3569792fd3c4a10c50e0dd0a2311e1e/ruff-0.15.12-py3-none-manylinux_2_17_armv7l.manylinux2014_armv7l.whl", hash = "md5:cdb530e2a5352d62f99ef8c5ac0c83d4" },
    { url = "https://build.hubteam.com/pypi-mirror/packages/9d/68/4201e8444f0894f21ab4aeeaee68aa4f10b51613514a20d80bd628d57e88/ruff-0.15.12-py3-none-manylinux_2_17_i686.manylinux2014_i686.whl", hash = "md5:d425555fc0d4d412c9c2834a317928ba" },
    { url = "https://build.hubteam.com/pypi-mirror/packages/34/ff/8a6d6cf4ccc23fd67060874e832c18919d1557a0611ebef03fdb01fff11e/ruff-0.15.12-py3-none-manylinux_2_17_ppc64le.manylinux2014_ppc64le.whl", hash = "md5:a2503ddf6ff44ba7a507d53d962db486" },
    { url = "https://build.hubteam.com/pypi-mirror/packages/85/f6/c669cf73f5152f623d34e69866a46d5e6185816b19fcd5b6dd8a2d299922/ruff-0.15.12-py3-none-manylinux_2_17_s390x.manylinux2014_s390x.whl", hash = "md5:f9e7330791d0fb5420e04a7c02ecd29a" },
    { url = "https://build.hubteam.com/pypi-mirror/packages/e8/39/c61d193b8a1daaa8977f7dea9e8d8ba866e02ea7b65d32f6861693aa4c12/ruff-0.15.12-py3-none-manylinux_2_17_x86_64.manylinux2014_x86_64.whl", hash = "md5:451240d2f860400f4ce13f883b6082ff" },
    { url = "https://build.hubteam.com/pypi-mirror/packages/c2/8d/49afab3645e31e12c590acb6d3b5b69d7aab5b81926dbaf7461f9441f37a/ruff-0.15.12-py3-none-manylinux_2_31_riscv64.whl", hash = "md5:2596fe75127073755eca5e039719937c" },
    { url = "https://build.hubteam.com/pypi-mirror/packages/46/06/33f41fe94403e2b755481cdfb9b7ef3e4e0ed031c4581124658d935d52b4/ruff-0.15.12-py3-none-musllinux_1_2_aarch64.whl", hash = "md5:c29ef13233409985b57dc99e0c64cb2d" },
    { url = "https://build.hubteam.com/pypi-mirror/packages/0d/59/18aa4e014debbf559670e4048e39260a85c7fcee84acfd761ac01e7b8d35/ruff-0.15.12-py3-none-musllinux_1_2_armv7l.whl", hash = "md5:5e74cc212d77698eeb21a9b0772d73ce" },
    { url = "https://build.hubteam.com/pypi-mirror/packages/25/e7/cc9f16fd0f3b5fddcbd7ec3d6ae30c8f3fde1047f32a4093a98d633c6570/ruff-0.15.12-py3-none-musllinux_1_2_i686.whl", hash = "md5:9c9c6f28779c5d47dad131d98f35ca0e" },
    { url = "https://build.hubteam.com/pypi-mirror/packages/72/7a/a9ba7f98c7a575978698f4230c5e8cc54bbc761af34f560818f933dafa0c/ruff-0.15.12-py3-none-musllinux_1_2_x86_64.whl", hash = "md5:f57a73506afc3c54563a3bcf279f9d93" },
    { url = "https://build.hubteam.com/pypi-mirror/packages/ea/f9/0ae446942c846b8266059ad8a30702a35afae55f5cdc54c5adf8d7afdc27/ruff-0.15.12-py3-none-win32.whl", hash = "md5:11c1bc95a886ada49c41d31600fccf69" },
    { url = "https://build.hubteam.com/pypi-mirror/packages/33/f1/9614e03e1cdcbf9437570b5400ced8a720b5db22b28d8e0f1bda429f660d/ruff-0.15.12-py3-none-win_amd64.whl", hash = "md5:ce76929ac7540931a9d539467545aa5d" },
    { url = "https://build.hubteam.com/pypi-mirror/packages/c0/98/6beb4b351e472e5f4c4613f7c35a5290b8be2497e183825310c4c3a3984b/ruff-0.15.12-py3-none-win_arm64.whl", hash = "md5:d80b09f57a393c5c58cc107b21f68046" },
]
